# THIS IS AN AUTOGENERATED FILE. DO NOT EDIT THIS FILE DIRECTLY.
# yarn lockfile v1


"@hrdtbs/netlify@^0.0.1":
  version "0.0.1"
  resolved "https://registry.yarnpkg.com/@hrdtbs/netlify/-/netlify-0.0.1.tgz#d1b36a3308717209b86c13b8ec8f2ac758bf3429"
  integrity sha512-6uCN14Q+B6EewL558IA+ORjKeE1+p1DSXjE3/ShgSB/qVQ8CHvZJZqVGhoEQEl8CavFcCz5lkswla/WKFIbuuQ==
  dependencies:
    "@netlify/open-api" "^2.9.0"
    backoff "^2.5.0"
    clean-deep "^3.4.0"
    flush-write-stream "^2.0.0"
    folder-walker "^3.2.0"
    from2-array "0.0.4"
    hasha "^5.2.2"
    lodash.camelcase "^4.3.0"
    micro-api-client "^3.3.0"
    node-fetch "^3.0.0"
    omit.js "^2.0.2"
    p-map "^5.3.0"
    p-wait-for "^4.0.0"
    parallel-transform "^1.2.0"
    pump "^3.0.0"
    qs "^6.9.6"
    rimraf "^3.0.2"
    tempy "^0.3.0"
    through2-filter "^3.0.0"
    through2-map "^3.0.0"

"@netlify/open-api@^2.9.0":
  version "2.9.0"
  resolved "https://registry.yarnpkg.com/@netlify/open-api/-/open-api-2.9.0.tgz#3fd18a95c06e7f11aad20b15c1e525accc86369f"
  integrity sha512-XhGmVR8gldH9+3CzBg8C7aj7x/cThzlW/ob/o8ZAGMMJ7aVjs8WqzYpVsjdo4nulYi0zd0enlcuG9VwM1tsJyA==

"@types/node@^17.0.33":
  version "17.0.33"
  resolved "https://registry.yarnpkg.com/@types/node/-/node-17.0.33.tgz#3c1879b276dc63e73030bb91165e62a4509cd506"
  integrity sha512-miWq2m2FiQZmaHfdZNcbpp9PuXg34W5JZ5CrJ/BaS70VuhoJENBEQybeiYSaPBRNq6KQGnjfEnc/F3PN++D+XQ==

"@vercel/ncc@^0.33.4":
  version "0.33.4"
  resolved "https://registry.yarnpkg.com/@vercel/ncc/-/ncc-0.33.4.tgz#e44a87511f583b7ba88e4b9ae90eeb7ba252b872"
  integrity sha512-ln18hs7dMffelP47tpkaR+V5Tj6coykNyxJrlcmCormPqRQjB/Gv4cu2FfBG+PMzIfdZp2CLDsrrB1NPU22Qhg==

aggregate-error@^4.0.0:
  version "4.0.1"
  resolved "https://registry.yarnpkg.com/aggregate-error/-/aggregate-error-4.0.1.tgz#25091fe1573b9e0be892aeda15c7c66a545f758e"
  integrity sha512-0poP0T7el6Vq3rstR8Mn4V/IQrpBLO6POkUSrN7RhyY+GF/InCFShQzsQ39T25gkHhLgSLByyAz+Kjb+c2L98w==
  dependencies:
    clean-stack "^4.0.0"
    indent-string "^5.0.0"

args-parser@^1.3.0:
  version "1.3.0"
  resolved "https://registry.yarnpkg.com/args-parser/-/args-parser-1.3.0.tgz#c52280e7a454df00ff35bc37ab7cfb543f28d304"
  integrity sha512-If3Zi4BSjlQIJ9fgAhSiKi0oJtgMzSqh0H4wvl7XSeO16FKx7QqaHld8lZeEajPX7y1C5qKKeNgyrfyvmjmjUQ==

backoff@^2.5.0:
  version "2.5.0"
  resolved "https://registry.yarnpkg.com/backoff/-/backoff-2.5.0.tgz#f616eda9d3e4b66b8ca7fca79f695722c5f8e26f"
  integrity sha1-9hbtqdPktmuMp/ynn2lXIsX44m8=
  dependencies:
    precond "0.2"

balanced-match@^1.0.0:
  version "1.0.2"
  resolved "https://registry.yarnpkg.com/balanced-match/-/balanced-match-1.0.2.tgz#e83e3a7e3f300b34cb9d87f615fa0cbf357690ee"
  integrity sha512-3oSeUO0TMV67hN1AmbXsK4yaqU7tjiHlbxRDZOpH0KW9+CeX4bRAaX0Anxt0tx2MrpRpWwQaPwIlISEJhYU5Pw==

brace-expansion@^1.1.7:
  version "1.1.11"
  resolved "https://registry.yarnpkg.com/brace-expansion/-/brace-expansion-1.1.11.tgz#3c7fcbf529d87226f3d2f52b966ff5271eb441dd"
  integrity sha512-iCuPHDFgrHX7H2vEI/5xpz07zSHB00TpugqhmYtVmMO6518mCuRMoOYFldEBl0g187ufozdaHgWKcYFb61qGiA==
  dependencies:
    balanced-match "^1.0.0"
    concat-map "0.0.1"

call-bind@^1.0.0:
  version "1.0.2"
  resolved "https://registry.yarnpkg.com/call-bind/-/call-bind-1.0.2.tgz#b1d4e89e688119c3c9a903ad30abb2f6a919be3c"
  integrity sha512-7O+FbCihrB5WGbFYesctwmTKae6rOiIzmz1icreWJ+0aA7LJfuqhEso2T9ncpcFtzMQtzXf2QGGueWJGTYsqrA==
  dependencies:
    function-bind "^1.1.1"
    get-intrinsic "^1.0.2"

clean-deep@^3.4.0:
  version "3.4.0"
  resolved "https://registry.yarnpkg.com/clean-deep/-/clean-deep-3.4.0.tgz#c465c4de1003ae13a1a859e6c69366ab96069f75"
  integrity sha512-Lo78NV5ItJL/jl+B5w0BycAisaieJGXK1qYi/9m4SjR8zbqmrUtO7Yhro40wEShGmmxs/aJLI/A+jNhdkXK8mw==
  dependencies:
    lodash.isempty "^4.4.0"
    lodash.isplainobject "^4.0.6"
    lodash.transform "^4.6.0"

clean-stack@^4.0.0:
  version "4.2.0"
  resolved "https://registry.yarnpkg.com/clean-stack/-/clean-stack-4.2.0.tgz#c464e4cde4ac789f4e0735c5d75beb49d7b30b31"
  integrity sha512-LYv6XPxoyODi36Dp976riBtSY27VmFo+MKqEU9QCCWyTrdEPDog+RWA7xQWHi6Vbp61j5c4cdzzX1NidnwtUWg==
  dependencies:
    escape-string-regexp "5.0.0"

concat-map@0.0.1:
  version "0.0.1"
  resolved "https://registry.yarnpkg.com/concat-map/-/concat-map-0.0.1.tgz#d8a96bd77fd68df7793a73036a3ba0d5405d477b"
  integrity sha1-2Klr13/Wjfd5OnMDajug1UBdR3s=

core-util-is@~1.0.0:
  version "1.0.3"
  resolved "https://registry.yarnpkg.com/core-util-is/-/core-util-is-1.0.3.tgz#a6042d3634c2b27e9328f837b965fac83808db85"
  integrity sha512-ZQBvi1DcpJ4GDqanjucZ2Hj3wEO5pZDS89BWbkcrvdxksJorwUDDZamX9ldFkp9aw2lmBDLgkObEA4DWNJ9FYQ==

crypto-random-string@^1.0.0:
  version "1.0.0"
  resolved "https://registry.yarnpkg.com/crypto-random-string/-/crypto-random-string-1.0.0.tgz#a230f64f568310e1498009940790ec99545bca7e"
  integrity sha1-ojD2T1aDEOFJgAmUB5DsmVRbyn4=

cyclist@^1.0.1:
  version "1.0.1"
  resolved "https://registry.yarnpkg.com/cyclist/-/cyclist-1.0.1.tgz#596e9698fd0c80e12038c2b82d6eb1b35b6224d9"
  integrity sha1-WW6WmP0MgOEgOMK4LW6xs1tiJNk=

data-uri-to-buffer@^4.0.0:
  version "4.0.0"
  resolved "https://registry.yarnpkg.com/data-uri-to-buffer/-/data-uri-to-buffer-4.0.0.tgz#b5db46aea50f6176428ac05b73be39a57701a64b"
  integrity sha512-Vr3mLBA8qWmcuschSLAOogKgQ/Jwxulv3RNE4FXnYWRGujzrRWQI4m12fQqRkwX06C0KanhLr4hK+GydchZsaA==

end-of-stream@^1.1.0:
  version "1.4.4"
  resolved "https://registry.yarnpkg.com/end-of-stream/-/end-of-stream-1.4.4.tgz#5ae64a5f45057baf3626ec14da0ca5e4b2431eb0"
  integrity sha512-+uw1inIHVPQoaVuHzRyXd21icM+cnt4CzD5rW+NC1wjOUSTOs+Te7FOv7AhN7vS9x/oIyhLP5PR1H+phQAHu5Q==
  dependencies:
    once "^1.4.0"

escape-string-regexp@5.0.0:
  version "5.0.0"
  resolved "https://registry.yarnpkg.com/escape-string-regexp/-/escape-string-regexp-5.0.0.tgz#4683126b500b61762f2dbebace1806e8be31b1c8"
  integrity sha512-/veY75JbMK4j1yjvuUxuVsiS/hr/4iHs9FTT6cgTexxdE0Ly/glccBAkloH/DofkjRbZU3bnoj38mOmhkZ0lHw==

fetch-blob@^3.1.2, fetch-blob@^3.1.4:
  version "3.1.5"
  resolved "https://registry.yarnpkg.com/fetch-blob/-/fetch-blob-3.1.5.tgz#0077bf5f3fcdbd9d75a0b5362f77dbb743489863"
  integrity sha512-N64ZpKqoLejlrwkIAnb9iLSA3Vx/kjgzpcDhygcqJ2KKjky8nCgUQ+dzXtbrLaWZGZNmNfQTsiQ0weZ1svglHg==
  dependencies:
    node-domexception "^1.0.0"
    web-streams-polyfill "^3.0.3"

flush-write-stream@^2.0.0:
  version "2.0.0"
  resolved "https://registry.yarnpkg.com/flush-write-stream/-/flush-write-stream-2.0.0.tgz#6f58e776154f5eefacff92a6e5a681c88ac50f7c"
  integrity sha512-uXClqPxT4xW0lcdSBheb2ObVU+kuqUk3Jk64EwieirEXZx9XUrVwp/JuBfKAWaM4T5Td/VL7QLDWPXp/MvGm/g==
  dependencies:
    inherits "^2.0.3"
    readable-stream "^3.1.1"

folder-walker@^3.2.0:
  version "3.2.0"
  resolved "https://registry.yarnpkg.com/folder-walker/-/folder-walker-3.2.0.tgz#98e00e59773f43416a6dcf0926d4c9436f65121d"
  integrity sha512-VjAQdSLsl6AkpZNyrQJfO7BXLo4chnStqb055bumZMbRUPpVuPN3a4ktsnRCmrFZjtMlYLkyXiR5rAs4WOpC4Q==
  dependencies:
    from2 "^2.1.0"

formdata-polyfill@^4.0.10:
  version "4.0.10"
  resolved "https://registry.yarnpkg.com/formdata-polyfill/-/formdata-polyfill-4.0.10.tgz#24807c31c9d402e002ab3d8c720144ceb8848423"
  integrity sha512-buewHzMvYL29jdeQTVILecSaZKnt/RJWjoZCF5OW60Z67/GmSLBkOFM7qh1PI3zFNtJbaZL5eQu1vLfazOwj4g==
  dependencies:
    fetch-blob "^3.1.2"

from2-array@0.0.4:
  version "0.0.4"
  resolved "https://registry.yarnpkg.com/from2-array/-/from2-array-0.0.4.tgz#eafc16b65f6e2719bcd57fdc1869005ac1332cd6"
  integrity sha1-6vwWtl9uJxm81X/cGGkAWsEzLNY=
  dependencies:
    from2 "^2.0.3"

from2@^2.0.3, from2@^2.1.0:
  version "2.3.0"
  resolved "https://registry.yarnpkg.com/from2/-/from2-2.3.0.tgz#8bfb5502bde4a4d36cfdeea007fcca21d7e382af"
  integrity sha1-i/tVAr3kpNNs/e6gB/zKIdfjgq8=
  dependencies:
    inherits "^2.0.1"
    readable-stream "^2.0.0"

fs.realpath@^1.0.0:
  version "1.0.0"
  resolved "https://registry.yarnpkg.com/fs.realpath/-/fs.realpath-1.0.0.tgz#1504ad2523158caa40db4a2787cb01411994ea4f"
  integrity sha1-FQStJSMVjKpA20onh8sBQRmU6k8=

function-bind@^1.1.1:
  version "1.1.1"
  resolved "https://registry.yarnpkg.com/function-bind/-/function-bind-1.1.1.tgz#a56899d3ea3c9bab874bb9773b7c5ede92f4895d"
  integrity sha512-yIovAzMX49sF8Yl58fSCWJ5svSLuaibPxXQJFLmBObTuCr0Mf1KiPopGM9NiFjiYBCbfaa2Fh6breQ6ANVTI0A==

get-intrinsic@^1.0.2:
  version "1.1.1"
  resolved "https://registry.yarnpkg.com/get-intrinsic/-/get-intrinsic-1.1.1.tgz#15f59f376f855c446963948f0d24cd3637b4abc6"
  integrity sha512-kWZrnVM42QCiEA2Ig1bG8zjoIMOgxWwYCEeNdwY6Tv/cOSeGpcoX4pXHfKUxNKVoArnrEr2e9srnAxxGIraS9Q==
  dependencies:
    function-bind "^1.1.1"
    has "^1.0.3"
    has-symbols "^1.0.1"

glob@^7.1.3:
  version "7.2.2"
  resolved "https://registry.yarnpkg.com/glob/-/glob-7.2.2.tgz#29deb38e1ef90f132d5958abe9c3ee8e87f3c318"
  integrity sha512-NzDgHDiJwKYByLrL5lONmQFpK/2G78SMMfo+E9CuGlX4IkvfKDsiQSNPwAYxEy+e6p7ZQ3uslSLlwlJcqezBmQ==
  dependencies:
    fs.realpath "^1.0.0"
    inflight "^1.0.4"
    inherits "2"
    minimatch "^3.1.1"
    once "^1.3.0"
    path-is-absolute "^1.0.0"

has-symbols@^1.0.1:
  version "1.0.3"
  resolved "https://registry.yarnpkg.com/has-symbols/-/has-symbols-1.0.3.tgz#bb7b2c4349251dce87b125f7bdf874aa7c8b39f8"
  integrity sha512-l3LCuF6MgDNwTDKkdYGEihYjt5pRPbEg46rtlmnSPlUbgmB8LOIrKJbYYFBSbnPaJexMKtiPO8hmeRjRz2Td+A==

has@^1.0.3:
  version "1.0.3"
  resolved "https://registry.yarnpkg.com/has/-/has-1.0.3.tgz#722d7cbfc1f6aa8241f16dd814e011e1f41e8796"
  integrity sha512-f2dvO0VU6Oej7RkWJGrehjbzMAjFp5/VKPp5tTpWIV4JHHZK1/BxbFRtf/siA2SWTe09caDmVtYYzWEIbBS4zw==
  dependencies:
    function-bind "^1.1.1"

hasha@^5.2.2:
  version "5.2.2"
  resolved "https://registry.yarnpkg.com/hasha/-/hasha-5.2.2.tgz#a48477989b3b327aea3c04f53096d816d97522a1"
  integrity sha512-Hrp5vIK/xr5SkeN2onO32H0MgNZ0f17HRNH39WfL0SYUNOTZ5Lz1TJ8Pajo/87dYGEFlLMm7mIc/k/s6Bvz9HQ==
  dependencies:
    is-stream "^2.0.0"
    type-fest "^0.8.0"

indent-string@^5.0.0:
  version "5.0.0"
  resolved "https://registry.yarnpkg.com/indent-string/-/indent-string-5.0.0.tgz#4fd2980fccaf8622d14c64d694f4cf33c81951a5"
  integrity sha512-m6FAo/spmsW2Ab2fU35JTYwtOKa2yAwXSwgjSv1TJzh4Mh7mC3lzAOVLBprb72XsTrgkEIsl7YrFNAiDiRhIGg==

inflight@^1.0.4:
  version "1.0.6"
  resolved "https://registry.yarnpkg.com/inflight/-/inflight-1.0.6.tgz#49bd6331d7d02d0c09bc910a1075ba8165b56df9"
  integrity sha1-Sb1jMdfQLQwJvJEKEHW6gWW1bfk=
  dependencies:
    once "^1.3.0"
    wrappy "1"

inherits@2, inherits@^2.0.1, inherits@^2.0.3, inherits@~2.0.3:
  version "2.0.4"
  resolved "https://registry.yarnpkg.com/inherits/-/inherits-2.0.4.tgz#0fa2c64f932917c3433a0ded55363aae37416b7c"
  integrity sha512-k/vGaX4/Yla3WzyMCvTQOXYeIHvqOKtnqBduzTHpzpQZzAskKMhZ2K+EnBiSM9zGSoIFeMpXKxa4dYeZIQqewQ==

is-stream@^2.0.0:
  version "2.0.1"
  resolved "https://registry.yarnpkg.com/is-stream/-/is-stream-2.0.1.tgz#fac1e3d53b97ad5a9d0ae9cef2389f5810a5c077"
  integrity sha512-hFoiJiTl63nn+kstHGBtewWSKnQLpyb155KHheA1l39uvtO9nWIop1p3udqPcUd/xbF1VLMO4n7OI6p7RbngDg==

isarray@~1.0.0:
  version "1.0.0"
  resolved "https://registry.yarnpkg.com/isarray/-/isarray-1.0.0.tgz#bb935d48582cba168c06834957a54a3e07124f11"
  integrity sha1-u5NdSFgsuhaMBoNJV6VKPgcSTxE=

lodash.camelcase@^4.3.0:
  version "4.3.0"
  resolved "https://registry.yarnpkg.com/lodash.camelcase/-/lodash.camelcase-4.3.0.tgz#b28aa6288a2b9fc651035c7711f65ab6190331a6"
  integrity sha1-soqmKIorn8ZRA1x3EfZathkDMaY=

lodash.isempty@^4.4.0:
  version "4.4.0"
  resolved "https://registry.yarnpkg.com/lodash.isempty/-/lodash.isempty-4.4.0.tgz#6f86cbedd8be4ec987be9aaf33c9684db1b31e7e"
  integrity sha1-b4bL7di+TsmHvpqvM8loTbGzHn4=

lodash.isplainobject@^4.0.6:
  version "4.0.6"
  resolved "https://registry.yarnpkg.com/lodash.isplainobject/-/lodash.isplainobject-4.0.6.tgz#7c526a52d89b45c45cc690b88163be0497f550cb"
  integrity sha1-fFJqUtibRcRcxpC4gWO+BJf1UMs=

lodash.transform@^4.6.0:
  version "4.6.0"
  resolved "https://registry.yarnpkg.com/lodash.transform/-/lodash.transform-4.6.0.tgz#12306422f63324aed8483d3f38332b5f670547a0"
  integrity sha1-EjBkIvYzJK7YSD0/ODMrX2cFR6A=

micro-api-client@^3.3.0:
  version "3.3.0"
  resolved "https://registry.yarnpkg.com/micro-api-client/-/micro-api-client-3.3.0.tgz#52dd567d322f10faffe63d19d4feeac4e4ffd215"
  integrity sha512-y0y6CUB9RLVsy3kfgayU28746QrNMpSm9O/AYGNsBgOkJr/X/Jk0VLGoO8Ude7Bpa8adywzF+MzXNZRFRsNPhg==

minimatch@^3.1.1:
  version "3.1.2"
  resolved "https://registry.yarnpkg.com/minimatch/-/minimatch-3.1.2.tgz#19cd194bfd3e428f049a70817c038d89ab4be35b"
  integrity sha512-J7p63hRiAjw1NDEww1W7i37+ByIrOWO5XQQAzZ3VOcL0PNybwpfmV/N05zFAzwQ9USyEcX6t3UO+K5aqBQOIHw==
  dependencies:
    brace-expansion "^1.1.7"

node-domexception@^1.0.0:
  version "1.0.0"
  resolved "https://registry.yarnpkg.com/node-domexception/-/node-domexception-1.0.0.tgz#6888db46a1f71c0b76b3f7555016b63fe64766e5"
  integrity sha512-/jKZoMpw0F8GRwl4/eLROPA3cfcXtLApP0QzLmUT/HuPCZWyB7IY9ZrMeKw2O/nFIqPQB3PVM9aYm0F312AXDQ==

node-fetch@^3.0.0:
  version "3.2.4"
  resolved "https://registry.yarnpkg.com/node-fetch/-/node-fetch-3.2.4.tgz#3fbca2d8838111048232de54cb532bd3cf134947"
  integrity sha512-WvYJRN7mMyOLurFR2YpysQGuwYrJN+qrrpHjJDuKMcSPdfFccRUla/kng2mz6HWSBxJcqPbvatS6Gb4RhOzCJw==
  dependencies:
    data-uri-to-buffer "^4.0.0"
    fetch-blob "^3.1.4"
    formdata-polyfill "^4.0.10"

object-inspect@^1.9.0:
  version "1.12.0"
  resolved "https://registry.yarnpkg.com/object-inspect/-/object-inspect-1.12.0.tgz#6e2c120e868fd1fd18cb4f18c31741d0d6e776f0"
  integrity sha512-Ho2z80bVIvJloH+YzRmpZVQe87+qASmBUKZDWgx9cu+KDrX2ZDH/3tMy+gXbZETVGs2M8YdxObOh7XAtim9Y0g==

omit.js@^2.0.2:
  version "2.0.2"
  resolved "https://registry.yarnpkg.com/omit.js/-/omit.js-2.0.2.tgz#dd9b8436fab947a5f3ff214cb2538631e313ec2f"
  integrity sha512-hJmu9D+bNB40YpL9jYebQl4lsTW6yEHRTroJzNLqQJYHm7c+NQnJGfZmIWh8S3q3KoaxV1aLhV6B3+0N0/kyJg==

once@^1.3.0, once@^1.3.1, once@^1.4.0:
  version "1.4.0"
  resolved "https://registry.yarnpkg.com/once/-/once-1.4.0.tgz#583b1aa775961d4b113ac17d9c50baef9dd76bd1"
  integrity sha1-WDsap3WWHUsROsF9nFC6753Xa9E=
  dependencies:
    wrappy "1"

p-map@^5.3.0:
  version "5.3.0"
  resolved "https://registry.yarnpkg.com/p-map/-/p-map-5.3.0.tgz#2204823bc9f37f17ddc9e7f446293c4530b8a4cf"
  integrity sha512-SRbIQFoLYNezHkqZslqeg963HYUtqOrfMCxjNrFOpJ19WTYuq26rQoOXeX8QQiMLUlLqdYV/7PuDsdYJ7hLE1w==
  dependencies:
    aggregate-error "^4.0.0"

p-timeout@^5.0.0:
  version "5.0.2"
  resolved "https://registry.yarnpkg.com/p-timeout/-/p-timeout-5.0.2.tgz#d12964c4b2f988e15f72b455c2c428d82a0ec0a0"
  integrity sha512-sEmji9Yaq+Tw+STwsGAE56hf7gMy9p0tQfJojIAamB7WHJYJKf1qlsg9jqBWG8q9VCxKPhZaP/AcXwEoBcYQhQ==

p-wait-for@^4.0.0:
  version "4.1.0"
  resolved "https://registry.yarnpkg.com/p-wait-for/-/p-wait-for-4.1.0.tgz#290f126f49bbd7c84e0cedccb342cd631aaa0f16"
  integrity sha512-i8nE5q++9h8oaQHWltS1Tnnv4IoMDOlqN7C0KFG2OdbK0iFJIt6CROZ8wfBM+K4Pxqfnq4C4lkkpXqTEpB5DZw==
  dependencies:
    p-timeout "^5.0.0"

parallel-transform@^1.2.0:
  version "1.2.0"
  resolved "https://registry.yarnpkg.com/parallel-transform/-/parallel-transform-1.2.0.tgz#9049ca37d6cb2182c3b1d2c720be94d14a5814fc"
  integrity sha512-P2vSmIu38uIlvdcU7fDkyrxj33gTUy/ABO5ZUbGowxNCopBq/OoD42bP4UmMrJoPyk4Uqf0mu3mtWBhHCZD8yg==
  dependencies:
    cyclist "^1.0.1"
    inherits "^2.0.3"
    readable-stream "^2.1.5"

path-is-absolute@^1.0.0:
  version "1.0.1"
  resolved "https://registry.yarnpkg.com/path-is-absolute/-/path-is-absolute-1.0.1.tgz#174b9268735534ffbc7ace6bf53a5a9e1b5c5f5f"
  integrity sha1-F0uSaHNVNP+8es5r9TpanhtcX18=

precond@0.2:
  version "0.2.3"
  resolved "https://registry.yarnpkg.com/precond/-/precond-0.2.3.tgz#aa9591bcaa24923f1e0f4849d240f47efc1075ac"
  integrity sha1-qpWRvKokkj8eD0hJ0kD0fvwQdaw=

process-nextick-args@~2.0.0:
  version "2.0.1"
  resolved "https://registry.yarnpkg.com/process-nextick-args/-/process-nextick-args-2.0.1.tgz#7820d9b16120cc55ca9ae7792680ae7dba6d7fe2"
  integrity sha512-3ouUOpQhtgrbOa17J7+uxOTpITYWaGP7/AhoR3+A+/1e9skrzelGi/dXzEYyvbxubEF6Wn2ypscTKiKJFFn1ag==

pump@^3.0.0:
  version "3.0.0"
  resolved "https://registry.yarnpkg.com/pump/-/pump-3.0.0.tgz#b4a2116815bde2f4e1ea602354e8c75565107a64"
  integrity sha512-LwZy+p3SFs1Pytd/jYct4wpv49HiYCqd9Rlc5ZVdk0V+8Yzv6jR5Blk3TRmPL1ft69TxP0IMZGJ+WPFU2BFhww==
  dependencies:
    end-of-stream "^1.1.0"
    once "^1.3.1"

qs@^6.9.6:
  version "6.10.3"
  resolved "https://registry.yarnpkg.com/qs/-/qs-6.10.3.tgz#d6cde1b2ffca87b5aa57889816c5f81535e22e8e"
  integrity sha512-wr7M2E0OFRfIfJZjKGieI8lBKb7fRCH4Fv5KNPEs7gJ8jadvotdsS08PzOKR7opXhZ/Xkjtt3WF9g38drmyRqQ==
  dependencies:
    side-channel "^1.0.4"

readable-stream@^2.0.0, readable-stream@^2.1.5, readable-stream@~2.3.6:
  version "2.3.7"
  resolved "https://registry.yarnpkg.com/readable-stream/-/readable-stream-2.3.7.tgz#1eca1cf711aef814c04f62252a36a62f6cb23b57"
  integrity sha512-Ebho8K4jIbHAxnuxi7o42OrZgF/ZTNcsZj6nRKyUmkhLFq8CHItp/fy6hQZuZmP/n3yZ9VBUbp4zz/mX8hmYPw==
  dependencies:
    core-util-is "~1.0.0"
    inherits "~2.0.3"
    isarray "~1.0.0"
    process-nextick-args "~2.0.0"
    safe-buffer "~5.1.1"
    string_decoder "~1.1.1"
    util-deprecate "~1.0.1"

readable-stream@^3.1.1:
  version "3.6.0"
  resolved "https://registry.yarnpkg.com/readable-stream/-/readable-stream-3.6.0.tgz#337bbda3adc0706bd3e024426a286d4b4b2c9198"
  integrity sha512-BViHy7LKeTz4oNnkcLJ+lVSL6vpiFeX6/d3oSH8zCW7UxP2onchk+vTGB143xuFjHS3deTgkKoXXymXqymiIdA==
  dependencies:
    inherits "^2.0.3"
    string_decoder "^1.1.1"
    util-deprecate "^1.0.1"

rimraf@^3.0.2:
  version "3.0.2"
  resolved "https://registry.yarnpkg.com/rimraf/-/rimraf-3.0.2.tgz#f1a5402ba6220ad52cc1282bac1ae3aa49fd061a"
  integrity sha512-JZkJMZkAGFFPP2YqXZXPbMlMBgsxzE8ILs4lMIX/2o0L9UBw9O/Y3o6wFw/i9YLapcUJWwqbi3kdxIPdC62TIA==
  dependencies:
    glob "^7.1.3"

safe-buffer@~5.1.0, safe-buffer@~5.1.1:
  version "5.1.2"
  resolved "https://registry.yarnpkg.com/safe-buffer/-/safe-buffer-5.1.2.tgz#991ec69d296e0313747d59bdfd2b745c35f8828d"
  integrity sha512-Gd2UZBJDkXlY7GbJxfsE8/nvKkUEU1G38c1siN6QP6a9PT9MmHB8GnpscSmMJSoF8LOIrt8ud/wPtojys4G6+g==

safe-buffer@~5.2.0:
  version "5.2.1"
  resolved "https://registry.yarnpkg.com/safe-buffer/-/safe-buffer-5.2.1.tgz#1eaf9fa9bdb1fdd4ec75f58f9cdb4e6b7827eec6"
  integrity sha512-rp3So07KcdmmKbGvgaNxQSJr7bGVSVk5S9Eq1F+ppbRo70+YeaDxkw5Dd8NPN+GD6bjnYm2VuPuCXmpuYvmCXQ==

side-channel@^1.0.4:
  version "1.0.4"
  resolved "https://registry.yarnpkg.com/side-channel/-/side-channel-1.0.4.tgz#efce5c8fdc104ee751b25c58d4290011fa5ea2cf"
  integrity sha512-q5XPytqFEIKHkGdiMIrY10mvLRvnQh42/+GoBlFW3b2LXLE2xxJpZFdm94we0BaoV3RwJyGqg5wS7epxTv0Zvw==
  dependencies:
    call-bind "^1.0.0"
    get-intrinsic "^1.0.2"
    object-inspect "^1.9.0"

string_decoder@^1.1.1:
  version "1.3.0"
  resolved "https://registry.yarnpkg.com/string_decoder/-/string_decoder-1.3.0.tgz#42f114594a46cf1a8e30b0a84f56c78c3edac21e"
  integrity sha512-hkRX8U1WjJFd8LsDJ2yQ/wWWxaopEsABU1XfkM8A+j0+85JAGppt16cr1Whg6KIbb4okU6Mql6BOj+uup/wKeA==
  dependencies:
    safe-buffer "~5.2.0"

string_decoder@~1.1.1:
  version "1.1.1"
  resolved "https://registry.yarnpkg.com/string_decoder/-/string_decoder-1.1.1.tgz#9cf1611ba62685d7030ae9e4ba34149c3af03fc8"
  integrity sha512-n/ShnvDi6FHbbVfviro+WojiFzv+s8MPMHBczVePfUpDJLwoLT0ht1l4YwBCbi8pJAveEEdnkHyPyTP/mzRfwg==
  dependencies:
    safe-buffer "~5.1.0"

temp-dir@^1.0.0:
  version "1.0.0"
  resolved "https://registry.yarnpkg.com/temp-dir/-/temp-dir-1.0.0.tgz#0a7c0ea26d3a39afa7e0ebea9c1fc0bc4daa011d"
  integrity sha1-CnwOom06Oa+n4OvqnB/AvE2qAR0=

tempy@^0.3.0:
  version "0.3.0"
  resolved "https://registry.yarnpkg.com/tempy/-/tempy-0.3.0.tgz#6f6c5b295695a16130996ad5ab01a8bd726e8bf8"
  integrity sha512-WrH/pui8YCwmeiAoxV+lpRH9HpRtgBhSR2ViBPgpGb/wnYDzp21R4MN45fsCGvLROvY67o3byhJRYRONJyImVQ==
  dependencies:
    temp-dir "^1.0.0"
    type-fest "^0.3.1"
    unique-string "^1.0.0"

through2-filter@^3.0.0:
  version "3.0.0"
  resolved "https://registry.yarnpkg.com/through2-filter/-/through2-filter-3.0.0.tgz#700e786df2367c2c88cd8aa5be4cf9c1e7831254"
  integrity sha512-jaRjI2WxN3W1V8/FMZ9HKIBXixtiqs3SQSX4/YGIiP3gL6djW48VoZq9tDqeCWs3MT8YY5wb/zli8VW8snY1CA==
  dependencies:
    through2 "~2.0.0"
    xtend "~4.0.0"

through2-map@^3.0.0:
  version "3.0.0"
  resolved "https://registry.yarnpkg.com/through2-map/-/through2-map-3.0.0.tgz#a6c3026ce63b4898a997d540506b66ffd970f271"
  integrity sha1-psMCbOY7SJipl9VAUGtm/9lw8nE=
  dependencies:
    through2 "~2.0.0"
    xtend "^4.0.0"

through2@~2.0.0:
  version "2.0.5"
  resolved "https://registry.yarnpkg.com/through2/-/through2-2.0.5.tgz#01c1e39eb31d07cb7d03a96a70823260b23132cd"
  integrity sha512-/mrRod8xqpA+IHSLyGCQ2s8SPHiCDEeQJSep1jqLYeEUClOFG2Qsh+4FU6G9VeqpZnGW/Su8LQGc4YKni5rYSQ==
  dependencies:
    readable-stream "~2.3.6"
    xtend "~4.0.1"

type-fest@^0.3.1:
  version "0.3.1"
  resolved "https://registry.yarnpkg.com/type-fest/-/type-fest-0.3.1.tgz#63d00d204e059474fe5e1b7c011112bbd1dc29e1"
  integrity sha512-cUGJnCdr4STbePCgqNFbpVNCepa+kAVohJs1sLhxzdH+gnEoOd8VhbYa7pD3zZYGiURWM2xzEII3fQcRizDkYQ==

type-fest@^0.8.0:
  version "0.8.1"
  resolved "https://registry.yarnpkg.com/type-fest/-/type-fest-0.8.1.tgz#09e249ebde851d3b1e48d27c105444667f17b83d"
  integrity sha512-4dbzIzqvjtgiM5rw1k5rEHtBANKmdudhGyBEajN01fEyhaAIhsoKNy6y7+IN93IfpFtwY9iqi7kD+xwKhQsNJA==

typescript@^4.6.4:
  version "4.6.4"
  resolved "https://registry.yarnpkg.com/typescript/-/typescript-4.6.4.tgz#caa78bbc3a59e6a5c510d35703f6a09877ce45e9"
  integrity sha512-9ia/jWHIEbo49HfjrLGfKbZSuWo9iTMwXO+Ca3pRsSpbsMbc7/IU8NKdCZVRRBafVPGnoJeFL76ZOAA84I9fEg==

unique-string@^1.0.0:
  version "1.0.0"
  resolved "https://registry.yarnpkg.com/unique-string/-/unique-string-1.0.0.tgz#9e1057cca851abb93398f8b33ae187b99caec11a"
  integrity sha1-nhBXzKhRq7kzmPizOuGHuZyuwRo=
  dependencies:
    crypto-random-string "^1.0.0"

util-deprecate@^1.0.1, util-deprecate@~1.0.1:
  version "1.0.2"
  resolved "https://registry.yarnpkg.com/util-deprecate/-/util-deprecate-1.0.2.tgz#450d4dc9fa70de732762fbd2d4a28981419a0ccf"
  integrity sha1-RQ1Nyfpw3nMnYvvS1KKJgUGaDM8=

web-streams-polyfill@^3.0.3:
  version "3.2.1"
  resolved "https://registry.yarnpkg.com/web-streams-polyfill/-/web-streams-polyfill-3.2.1.tgz#71c2718c52b45fd49dbeee88634b3a60ceab42a6"
  integrity sha512-e0MO3wdXWKrLbL0DgGnUV7WHVuw9OUvL4hjgnPkIeEvESk74gAITi5G606JtZPp39cd8HA9VQzCIvA49LpPN5Q==

wrappy@1:
  version "1.0.2"
  resolved "https://registry.yarnpkg.com/wrappy/-/wrappy-1.0.2.tgz#b5243d8f3ec1aa35f1364605bc0d1036e30ab69f"
  integrity sha1-tSQ9jz7BqjXxNkYFvA0QNuMKtp8=

xtend@^4.0.0, xtend@~4.0.0, xtend@~4.0.1:
  version "4.0.2"
  resolved "https://registry.yarnpkg.com/xtend/-/xtend-4.0.2.tgz#bb72779f5fa465186b1f438f674fa347fdb5db54"
  integrity sha512-LKYU1iAXJXUgAXn9URjiu+MWhyUXHsvfp7mcuYm9dSUKK0/CjtrUwFAxD82/mCWbtLsGjFIad0wIsod4zrTAEQ==
